
Microsoft Visual Studio Solution File, Format Version 12.00
# Visual Studio Version 16
VisualStudioVersion = 16.0.29123.88
MinimumVisualStudioVersion = 10.0.40219.1
Project("{FAE04EC0-301F-11D3-BF4B-00C04F79EFBC}") = "RazorPagesMovie", "RazorPagesMovie\RazorPagesMovie.csproj", "{7D3F5F29-A679-42FF-AABF-80F490EADB42}"
EndProject
Global
	GlobalSection(SolutionConfigurationPlatforms) = preSolution
		Debug|Any CPU = Debug|Any CPU
		Release|Any CPU = Release|Any CPU
	EndGlobalSection
	GlobalSection(ProjectConfigurationPlatforms) = postSolution
		{7D3F5F29-A679-42FF-AABF-80F490EADB42}.Debug|Any CPU.ActiveCfg = Debug|Any CPU
		{7D3F5F29-A679-42FF-AABF-80F490EADB42}.Debug|Any CPU.Build.0 = Debug|Any CPU
		{7D3F5F29-A679-42FF-AABF-80F490EADB42}.Release|Any CPU.ActiveCfg = Release|Any CPU
		{7D3F5F29-A679-42FF-AABF-80F490EADB42}.Release|Any CPU.Build.0 = Release|Any CPU
	EndGlobalSection
	GlobalSection(SolutionProperties) = preSolution
		HideSolutionNode = FALSE
	EndGlobalSection
	GlobalSection(ExtensibilityGlobals) = postSolution
		SolutionGuid = {66DAD54A-9959-4404-BE0A-27BA70B942A7}
	EndGlobalSection
EndGlobal
